// !$*UTF8*$!
{
	archiveVersion = 1;
	classes = {
	};
	objectVersion = 46;
	objects = {

/* Begin PBXBuildFile section */
		3133A48DC909607E2F15C417 /* Pods_ray.framework in Frameworks */ = {isa = PBXBuildFile; fileRef = 299D2737D4EF5B1A2432420B /* Pods_ray.framework */; };
		D33411D51F070BD3005CEC91 /* Shape.swift in Sources */ = {isa = PBXBuildFile; fileRef = D33411D41F070BD3005CEC91 /* Shape.swift */; };
		D33411D81F070C13005CEC91 /* Plane.swift in Sources */ = {isa = PBXBuildFile; fileRef = D33411D71F070C13005CEC91 /* Plane.swift */; };
		D33411DB1F070D41005CEC91 /* RayController.swift in Sources */ = {isa = PBXBuildFile; fileRef = D33411DA1F070D41005CEC91 /* RayController.swift */; };
		D33411DE1F09851B005CEC91 /* Material.swift in Sources */ = {isa = PBXBuildFile; fileRef = D33411DD1F09851B005CEC91 /* Material.swift */; };
		D35BEE821D8F3C01007224FA /* Color.swift in Sources */ = {isa = PBXBuildFile; fileRef = D35BEE811D8F3C01007224FA /* Color.swift */; };
		D35BEE841D9475F0007224FA /* Ray.swift in Sources */ = {isa = PBXBuildFile; fileRef = D35BEE831D9475F0007224FA /* Ray.swift */; };
		D3E8FD6D1D78A414004B67CA /* AppDelegate.swift in Sources */ = {isa = PBXBuildFile; fileRef = D3E8FD6C1D78A414004B67CA /* AppDelegate.swift */; };
		D3E8FD6F1D78A414004B67CA /* SceneViewController.swift in Sources */ = {isa = PBXBuildFile; fileRef = D3E8FD6E1D78A414004B67CA /* SceneViewController.swift */; };
		D3E8FD721D78A414004B67CA /* Main.storyboard in Resources */ = {isa = PBXBuildFile; fileRef = D3E8FD701D78A414004B67CA /* Main.storyboard */; };
		D3E8FD741D78A414004B67CA /* Assets.xcassets in Resources */ = {isa = PBXBuildFile; fileRef = D3E8FD731D78A414004B67CA /* Assets.xcassets */; };
		D3E8FD771D78A414004B67CA /* LaunchScreen.storyboard in Resources */ = {isa = PBXBuildFile; fileRef = D3E8FD751D78A414004B67CA /* LaunchScreen.storyboard */; };
		D3E8FD7F1D78B0D4004B67CA /* Scene.swift in Sources */ = {isa = PBXBuildFile; fileRef = D3E8FD7E1D78B0D4004B67CA /* Scene.swift */; };
		D3E8FD811D78B0E9004B67CA /* Point.swift in Sources */ = {isa = PBXBuildFile; fileRef = D3E8FD801D78B0E9004B67CA /* Point.swift */; };
		D3E8FD831D78B141004B67CA /* Sphere.swift in Sources */ = {isa = PBXBuildFile; fileRef = D3E8FD821D78B141004B67CA /* Sphere.swift */; };
		D3E8FD851D7E0691004B67CA /* Camera.swift in Sources */ = {isa = PBXBuildFile; fileRef = D3E8FD841D7E0691004B67CA /* Camera.swift */; };
/* End PBXBuildFile section */

/* Begin PBXFileReference section */
		21013A1BB4E8847674F728CA /* Pods-ray.release.xcconfig */ = {isa = PBXFileReference; includeInIndex = 1; lastKnownFileType = text.xcconfig; name = "Pods-ray.release.xcconfig"; path = "Pods/Target Support Files/Pods-ray/Pods-ray.release.xcconfig"; sourceTree = "<group>"; };
		299D2737D4EF5B1A2432420B /* Pods_ray.framework */ = {isa = PBXFileReference; explicitFileType = wrapper.framework; includeInIndex = 0; path = Pods_ray.framework; sourceTree = BUILT_PRODUCTS_DIR; };
		D07F1F5DE46C7D6866B49701 /* Pods-ray.debug.xcconfig */ = {isa = PBXFileReference; includeInIndex = 1; lastKnownFileType = text.xcconfig; name = "Pods-ray.debug.xcconfig"; path = "Pods/Target Support Files/Pods-ray/Pods-ray.debug.xcconfig"; sourceTree = "<group>"; };
		D33411D41F070BD3005CEC91 /* Shape.swift */ = {isa = PBXFileReference; fileEncoding = 4; lastKnownFileType = sourcecode.swift; path = Shape.swift; sourceTree = "<group>"; };
		D33411D71F070C13005CEC91 /* Plane.swift */ = {isa = PBXFileReference; fileEncoding = 4; lastKnownFileType = sourcecode.swift; path = Plane.swift; sourceTree = "<group>"; };
		D33411DA1F070D41005CEC91 /* RayController.swift */ = {isa = PBXFileReference; fileEncoding = 4; lastKnownFileType = sourcecode.swift; path = RayController.swift; sourceTree = "<group>"; };
		D33411DD1F09851B005CEC91 /* Material.swift */ = {isa = PBXFileReference; fileEncoding = 4; lastKnownFileType = sourcecode.swift; path = Material.swift; sourceTree = "<group>"; };
		D35BEE811D8F3C01007224FA /* Color.swift */ = {isa = PBXFileReference; fileEncoding = 4; lastKnownFileType = sourcecode.swift; path = Color.swift; sourceTree = "<group>"; };
		D35BEE831D9475F0007224FA /* Ray.swift */ = {isa = PBXFileReference; fileEncoding = 4; lastKnownFileType = sourcecode.swift; path = Ray.swift; sourceTree = "<group>"; };
		D3E8FD691D78A414004B67CA /* ray.app */ = {isa = PBXFileReference; explicitFileType = wrapper.application; includeInIndex = 0; path = ray.app; sourceTree = BUILT_PRODUCTS_DIR; };
		D3E8FD6C1D78A414004B67CA /* AppDelegate.swift */ = {isa = PBXFileReference; lastKnownFileType = sourcecode.swift; path = AppDelegate.swift; sourceTree = "<group>"; };
		D3E8FD6E1D78A414004B67CA /* SceneViewController.swift */ = {isa = PBXFileReference; lastKnownFileType = sourcecode.swift; path = SceneViewController.swift; sourceTree = "<group>"; };
		D3E8FD711D78A414004B67CA /* Base */ = {isa = PBXFileReference; lastKnownFileType = file.storyboard; name = Base; path = Base.lproj/Main.storyboard; sourceTree = "<group>"; };
		D3E8FD731D78A414004B67CA /* Assets.xcassets */ = {isa = PBXFileReference; lastKnownFileType = folder.assetcatalog; path = Assets.xcassets; sourceTree = "<group>"; };
		D3E8FD761D78A414004B67CA /* Base */ = {isa = PBXFileReference; lastKnownFileType = file.storyboard; name = Base; path = Base.lproj/LaunchScreen.storyboard; sourceTree = "<group>"; };
		D3E8FD781D78A414004B67CA /* Info.plist */ = {isa = PBXFileReference; lastKnownFileType = text.plist.xml; path = Info.plist; sourceTree = "<group>"; };
		D3E8FD7E1D78B0D4004B67CA /* Scene.swift */ = {isa = PBXFileReference; fileEncoding = 4; lastKnownFileType = sourcecode.swift; path = Scene.swift; sourceTree = "<group>"; };
		D3E8FD801D78B0E9004B67CA /* Point.swift */ = {isa = PBXFileReference; fileEncoding = 4; lastKnownFileType = sourcecode.swift; path = Point.swift; sourceTree = "<group>"; };
		D3E8FD821D78B141004B67CA /* Sphere.swift */ = {isa = PBXFileReference; fileEncoding = 4; lastKnownFileType = sourcecode.swift; path = Sphere.swift; sourceTree = "<group>"; };
		D3E8FD841D7E0691004B67CA /* Camera.swift */ = {isa = PBXFileReference; fileEncoding = 4; lastKnownFileType = sourcecode.swift; path = Camera.swift; sourceTree = "<group>"; };
/* End PBXFileReference section */

/* Begin PBXFrameworksBuildPhase section */
		D3E8FD661D78A414004B67CA /* Frameworks */ = {
			isa = PBXFrameworksBuildPhase;
			buildActionMask = 2147483647;
			files = (
				3133A48DC909607E2F15C417 /* Pods_ray.framework in Frameworks */,
			);
			runOnlyForDeploymentPostprocessing = 0;
		};
/* End PBXFrameworksBuildPhase section */

/* Begin PBXGroup section */
		06DA2B1AE11C5EBB32CFD185 /* Frameworks */ = {
			isa = PBXGroup;
			children = (
				299D2737D4EF5B1A2432420B /* Pods_ray.framework */,
			);
			name = Frameworks;
			sourceTree = "<group>";
		};
		C9294C6E647112EA8B1D2063 /* Pods */ = {
			isa = PBXGroup;
			children = (
				D07F1F5DE46C7D6866B49701 /* Pods-ray.debug.xcconfig */,
				21013A1BB4E8847674F728CA /* Pods-ray.release.xcconfig */,
			);
			name = Pods;
			sourceTree = "<group>";
		};
		D33411D11F070461005CEC91 /* ViewControllers */ = {
			isa = PBXGroup;
			children = (
				D3E8FD6E1D78A414004B67CA /* SceneViewController.swift */,
			);
			name = ViewControllers;
			sourceTree = "<group>";
		};
		D33411D21F070AF8005CEC91 /* Views */ = {
			isa = PBXGroup;
			children = (
				D3E8FD7E1D78B0D4004B67CA /* Scene.swift */,
			);
			name = Views;
			sourceTree = "<group>";
		};
		D33411D31F070B0F005CEC91 /* Storyboards */ = {
			isa = PBXGroup;
			children = (
				D3E8FD701D78A414004B67CA /* Main.storyboard */,
				D3E8FD751D78A414004B67CA /* LaunchScreen.storyboard */,
			);
			name = Storyboards;
			sourceTree = "<group>";
		};
		D33411D61F070BEC005CEC91 /* Protocols */ = {
			isa = PBXGroup;
			children = (
				D33411D41F070BD3005CEC91 /* Shape.swift */,
			);
			name = Protocols;
			sourceTree = "<group>";
		};
		D33411D91F070D0A005CEC91 /* Models */ = {
			isa = PBXGroup;
			children = (
				D35BEE811D8F3C01007224FA /* Color.swift */,
				D33411DD1F09851B005CEC91 /* Material.swift */,
				D3E8FD841D7E0691004B67CA /* Camera.swift */,
				D35BEE831D9475F0007224FA /* Ray.swift */,
				D3E8FD821D78B141004B67CA /* Sphere.swift */,
				D33411D71F070C13005CEC91 /* Plane.swift */,
				D3E8FD801D78B0E9004B67CA /* Point.swift */,
			);
			name = Models;
			sourceTree = "<group>";
		};
		D33411DC1F070D7E005CEC91 /* Controllers */ = {
			isa = PBXGroup;
			children = (
				D33411DA1F070D41005CEC91 /* RayController.swift */,
			);
			name = Controllers;
			sourceTree = "<group>";
		};
		D3E8FD601D78A414004B67CA = {
			isa = PBXGroup;
			children = (
				D3E8FD6B1D78A414004B67CA /* ray */,
				D3E8FD6A1D78A414004B67CA /* Products */,
				C9294C6E647112EA8B1D2063 /* Pods */,
				06DA2B1AE11C5EBB32CFD185 /* Frameworks */,
			);
			sourceTree = "<group>";
		};
		D3E8FD6A1D78A414004B67CA /* Products */ = {
			isa = PBXGroup;
			children = (
				D3E8FD691D78A414004B67CA /* ray.app */,
			);
			name = Products;
			sourceTree = "<group>";
		};
		D3E8FD6B1D78A414004B67CA /* ray */ = {
			isa = PBXGroup;
			children = (
				D33411D61F070BEC005CEC91 /* Protocols */,
				D33411DC1F070D7E005CEC91 /* Controllers */,
				D33411D91F070D0A005CEC91 /* Models */,
				D33411D21F070AF8005CEC91 /* Views */,
				D33411D11F070461005CEC91 /* ViewControllers */,
				D33411D31F070B0F005CEC91 /* Storyboards */,
				D3E8FD731D78A414004B67CA /* Assets.xcassets */,
				D3E8FD781D78A414004B67CA /* Info.plist */,
				D3E8FD6C1D78A414004B67CA /* AppDelegate.swift */,
			);
			path = ray;
			sourceTree = "<group>";
		};
/* End PBXGroup section */

/* Begin PBXNativeTarget section */
		D3E8FD681D78A414004B67CA /* ray */ = {
			isa = PBXNativeTarget;
			buildConfigurationList = D3E8FD7B1D78A414004B67CA /* Build configuration list for PBXNativeTarget "ray" */;
			buildPhases = (
				7148EC75B59BF2DB22E12EA3 /* [CP] Check Pods Manifest.lock */,
				D3E8FD651D78A414004B67CA /* Sources */,
				D3E8FD661D78A414004B67CA /* Frameworks */,
				D3E8FD671D78A414004B67CA /* Resources */,
				05B13AE7A7CA79FAA934CE38 /* [CP] Embed Pods Frameworks */,
				7CCFF241089490EA21691112 /* [CP] Copy Pods Resources */,
				D32C179D1F7DA66F0011FAAA /* ShellScript */,
			);
			buildRules = (
			);
			dependencies = (
			);
			name = ray;
			productName = ray;
			productReference = D3E8FD691D78A414004B67CA /* ray.app */;
			productType = "com.apple.product-type.application";
		};
/* End PBXNativeTarget section */

/* Begin PBXProject section */
		D3E8FD611D78A414004B67CA /* Project object */ = {
			isa = PBXProject;
			attributes = {
				LastSwiftUpdateCheck = 0730;
				LastUpgradeCheck = 0900;
				ORGANIZATIONNAME = "Jay Lindelycke";
				TargetAttributes = {
					D3E8FD681D78A414004B67CA = {
						CreatedOnToolsVersion = 7.3;
						LastSwiftMigration = 0900;
					};
				};
			};
			buildConfigurationList = D3E8FD641D78A414004B67CA /* Build configuration list for PBXProject "ray" */;
			compatibilityVersion = "Xcode 3.2";
			developmentRegion = English;
			hasScannedForEncodings = 0;
			knownRegions = (
				en,
				Base,
			);
			mainGroup = D3E8FD601D78A414004B67CA;
			productRefGroup = D3E8FD6A1D78A414004B67CA /* Products */;
			projectDirPath = "";
			projectRoot = "";
			targets = (
				D3E8FD681D78A414004B67CA /* ray */,
			);
		};
/* End PBXProject section */

/* Begin PBXResourcesBuildPhase section */
		D3E8FD671D78A414004B67CA /* Resources */ = {
			isa = PBXResourcesBuildPhase;
			buildActionMask = 2147483647;
			files = (
				D3E8FD771D78A414004B67CA /* LaunchScreen.storyboard in Resources */,
				D3E8FD741D78A414004B67CA /* Assets.xcassets in Resources */,
				D3E8FD721D78A414004B67CA /* Main.storyboard in Resources */,
			);
			runOnlyForDeploymentPostprocessing = 0;
		};
/* End PBXResourcesBuildPhase section */

/* Begin PBXShellScriptBuildPhase section */
		05B13AE7A7CA79FAA934CE38 /* [CP] Embed Pods Frameworks */ = {
			isa = PBXShellScriptBuildPhase;
			buildActionMask = 2147483647;
			files = (
			);
			inputPaths = (
			);
			name = "[CP] Embed Pods Frameworks";
			outputPaths = (
			);
			runOnlyForDeploymentPostprocessing = 0;
			shellPath = /bin/sh;
			shellScript = "\"${SRCROOT}/Pods/Target Support Files/Pods-ray/Pods-ray-frameworks.sh\"\n";
			showEnvVarsInLog = 0;
		};
		7148EC75B59BF2DB22E12EA3 /* [CP] Check Pods Manifest.lock */ = {
			isa = PBXShellScriptBuildPhase;
			buildActionMask = 2147483647;
			files = (
			);
			inputPaths = (
				"${PODS_PODFILE_DIR_PATH}/Podfile.lock",
				"${PODS_ROOT}/Manifest.lock",
			);
			name = "[CP] Check Pods Manifest.lock";
			outputPaths = (
				"$(DERIVED_FILE_DIR)/Pods-ray-checkManifestLockResult.txt",
			);
			runOnlyForDeploymentPostprocessing = 0;
			shellPath = /bin/sh;
			shellScript = "diff \"${PODS_PODFILE_DIR_PATH}/Podfile.lock\" \"${PODS_ROOT}/Manifest.lock\" > /dev/null\nif [ $? != 0 ] ; then\n    # print error to STDERR\n    echo \"error: The sandbox is not in sync with the Podfile.lock. Run 'pod install' or update your CocoaPods installation.\" >&2\n    exit 1\nfi\n# This output is used by Xcode 'outputs' to avoid re-running this script phase.\necho \"SUCCESS\" > \"${SCRIPT_OUTPUT_FILE_0}\"\n";
			showEnvVarsInLog = 0;
		};
		7CCFF241089490EA21691112 /* [CP] Copy Pods Resources */ = {
			isa = PBXShellScriptBuildPhase;
			buildActionMask = 2147483647;
			files = (
			);
			inputPaths = (
			);
			name = "[CP] Copy Pods Resources";
			outputPaths = (
			);
			runOnlyForDeploymentPostprocessing = 0;
			shellPath = /bin/sh;
			shellScript = "\"${SRCROOT}/Pods/Target Support Files/Pods-ray/Pods-ray-resources.sh\"\n";
			showEnvVarsInLog = 0;
		};
		D32C179D1F7DA66F0011FAAA /* ShellScript */ = {
			isa = PBXShellScriptBuildPhase;
			buildActionMask = 2147483647;
			files = (
			);
			inputPaths = (
			);
			outputPaths = (
			);
			runOnlyForDeploymentPostprocessing = 0;
			shellPath = /bin/sh;
			shellScript = "\"${PODS_ROOT}/SwiftLint/swiftlint\"";
		};
/* End PBXShellScriptBuildPhase section */

/* Begin PBXSourcesBuildPhase section */
		D3E8FD651D78A414004B67CA /* Sources */ = {
			isa = PBXSourcesBuildPhase;
			buildActionMask = 2147483647;
			files = (
				D35BEE841D9475F0007224FA /* Ray.swift in Sources */,
				D3E8FD831D78B141004B67CA /* Sphere.swift in Sources */,
				D33411D81F070C13005CEC91 /* Plane.swift in Sources */,
				D3E8FD811D78B0E9004B67CA /* Point.swift in Sources */,
				D33411DE1F09851B005CEC91 /* Material.swift in Sources */,
				D35BEE821D8F3C01007224FA /* Color.swift in Sources */,
				D3E8FD851D7E0691004B67CA /* Camera.swift in Sources */,
				D33411DB1F070D41005CEC91 /* RayController.swift in Sources */,
				D33411D51F070BD3005CEC91 /* Shape.swift in Sources */,
				D3E8FD6F1D78A414004B67CA /* SceneViewController.swift in Sources */,
				D3E8FD6D1D78A414004B67CA /* AppDelegate.swift in Sources */,
				D3E8FD7F1D78B0D4004B67CA /* Scene.swift in Sources */,
			);
			runOnlyForDeploymentPostprocessing = 0;
		};
/* End PBXSourcesBuildPhase section */

/* Begin PBXVariantGroup section */
		D3E8FD701D78A414004B67CA /* Main.storyboard */ = {
			isa = PBXVariantGroup;
			children = (
				D3E8FD711D78A414004B67CA /* Base */,
			);
			name = Main.storyboard;
			sourceTree = "<group>";
		};
		D3E8FD751D78A414004B67CA /* LaunchScreen.storyboard */ = {
			isa = PBXVariantGroup;
			children = (
				D3E8FD761D78A414004B67CA /* Base */,
			);
			name = LaunchScreen.storyboard;
			sourceTree = "<group>";
		};
/* End PBXVariantGroup section */

/* Begin XCBuildConfiguration section */
		D3E8FD791D78A414004B67CA /* Debug */ = {
			isa = XCBuildConfiguration;
			buildSettings = {
				ALWAYS_SEARCH_USER_PATHS = NO;
				CLANG_ANALYZER_NONNULL = YES;
				CLANG_CXX_LANGUAGE_STANDARD = "gnu++0x";
				CLANG_CXX_LIBRARY = "libc++";
				CLANG_ENABLE_MODULES = YES;
				CLANG_ENABLE_OBJC_ARC = YES;
				CLANG_WARN_BLOCK_CAPTURE_AUTORELEASING = YES;
				CLANG_WARN_BOOL_CONVERSION = YES;
				CLANG_WARN_COMMA = YES;
				CLANG_WARN_CONSTANT_CONVERSION = YES;
				CLANG_WARN_DIRECT_OBJC_ISA_USAGE = YES_ERROR;
				CLANG_WARN_EMPTY_BODY = YES;
				CLANG_WARN_ENUM_CONVERSION = YES;
				CLANG_WARN_INFINITE_RECURSION = YES;
				CLANG_WARN_INT_CONVERSION = YES;
				CLANG_WARN_NON_LITERAL_NULL_CONVERSION = YES;
				CLANG_WARN_OBJC_LITERAL_CONVERSION = YES;
				CLANG_WARN_OBJC_ROOT_CLASS = YES_ERROR;
				CLANG_WARN_RANGE_LOOP_ANALYSIS = YES;
				CLANG_WARN_STRICT_PROTOTYPES = YES;
				CLANG_WARN_SUSPICIOUS_MOVE = YES;
				CLANG_WARN_UNREACHABLE_CODE = YES;
				CLANG_WARN__DUPLICATE_METHOD_MATCH = YES;
				"CODE_SIGN_IDENTITY[sdk=iphoneos*]" = "iPhone Developer";
				COPY_PHASE_STRIP = NO;
				DEBUG_INFORMATION_FORMAT = dwarf;
				ENABLE_STRICT_OBJC_MSGSEND = YES;
				ENABLE_TESTABILITY = YES;
				GCC_C_LANGUAGE_STANDARD = gnu99;
				GCC_DYNAMIC_NO_PIC = NO;
				GCC_NO_COMMON_BLOCKS = YES;
				GCC_OPTIMIZATION_LEVEL = 0;
				GCC_PREPROCESSOR_DEFINITIONS = (
					"DEBUG=1",
					"$(inherited)",
				);
				GCC_WARN_64_TO_32_BIT_CONVERSION = YES;
				GCC_WARN_ABOUT_RETURN_TYPE = YES_ERROR;
				GCC_WARN_UNDECLARED_SELECTOR = YES;
				GCC_WARN_UNINITIALIZED_AUTOS = YES_AGGRESSIVE;
				GCC_WARN_UNUSED_FUNCTION = YES;
				GCC_WARN_UNUSED_VARIABLE = YES;
				IPHONEOS_DEPLOYMENT_TARGET = 9.3;
				MTL_ENABLE_DEBUG_INFO = YES;
				ONLY_ACTIVE_ARCH = YES;
				SDKROOT = iphoneos;
				SWIFT_OPTIMIZATION_LEVEL = "-Onone";
				TARGETED_DEVICE_FAMILY = "1,2";
			};
			name = Debug;
		};
		D3E8FD7A1D78A414004B67CA /* Release */ = {
			isa = XCBuildConfiguration;
			buildSettings = {
				ALWAYS_SEARCH_USER_PATHS = NO;
				CLANG_ANALYZER_NONNULL = YES;
				CLANG_CXX_LANGUAGE_STANDARD = "gnu++0x";
				CLANG_CXX_LIBRARY = "libc++";
				CLANG_ENABLE_MODULES = YES;
				CLANG_ENABLE_OBJC_ARC = YES;
				CLANG_WARN_BLOCK_CAPTURE_AUTORELEASING = YES;
				CLANG_WARN_BOOL_CONVERSION = YES;
				CLANG_WARN_COMMA = YES;
				CLANG_WARN_CONSTANT_CONVERSION = YES;
				CLANG_WARN_DIRECT_OBJC_ISA_USAGE = YES_ERROR;
				CLANG_WARN_EMPTY_BODY = YES;
				CLANG_WARN_ENUM_CONVERSION = YES;
				CLANG_WARN_INFINITE_RECURSION = YES;
				CLANG_WARN_INT_CONVERSION = YES;
				CLANG_WARN_NON_LITERAL_NULL_CONVERSION = YES;
				CLANG_WARN_OBJC_LITERAL_CONVERSION = YES;
				CLANG_WARN_OBJC_ROOT_CLASS = YES_ERROR;
				CLANG_WARN_RANGE_LOOP_ANALYSIS = YES;
				CLANG_WARN_STRICT_PROTOTYPES = YES;
				CLANG_WARN_SUSPICIOUS_MOVE = YES;
				CLANG_WARN_UNREACHABLE_CODE = YES;
				CLANG_WARN__DUPLICATE_METHOD_MATCH = YES;
				"CODE_SIGN_IDENTITY[sdk=iphoneos*]" = "iPhone Developer";
				COPY_PHASE_STRIP = NO;
				DEBUG_INFORMATION_FORMAT = "dwarf-with-dsym";
				ENABLE_NS_ASSERTIONS = NO;
				ENABLE_STRICT_OBJC_MSGSEND = YES;
				GCC_C_LANGUAGE_STANDARD = gnu99;
				GCC_NO_COMMON_BLOCKS = YES;
				GCC_WARN_64_TO_32_BIT_CONVERSION = YES;
				GCC_WARN_ABOUT_RETURN_TYPE = YES_ERROR;
				GCC_WARN_UNDECLARED_SELECTOR = YES;
				GCC_WARN_UNINITIALIZED_AUTOS = YES_AGGRESSIVE;
				GCC_WARN_UNUSED_FUNCTION = YES;
				GCC_WARN_UNUSED_VARIABLE = YES;
				IPHONEOS_DEPLOYMENT_TARGET = 9.3;
				MTL_ENABLE_DEBUG_INFO = NO;
				SDKROOT = iphoneos;
				SWIFT_OPTIMIZATION_LEVEL = "-Owholemodule";
				TARGETED_DEVICE_FAMILY = "1,2";
				VALIDATE_PRODUCT = YES;
			};
			name = Release;
		};
		D3E8FD7C1D78A414004B67CA /* Debug */ = {
			isa = XCBuildConfiguration;
			baseConfigurationReference = D07F1F5DE46C7D6866B49701 /* Pods-ray.debug.xcconfig */;
			buildSettings = {
				ASSETCATALOG_COMPILER_APPICON_NAME = AppIcon;
				INFOPLIST_FILE = ray/Info.plist;
				LD_RUNPATH_SEARCH_PATHS = "$(inherited) @executable_path/Frameworks";
				PRODUCT_BUNDLE_IDENTIFIER = Lindelycke.ray;
				PRODUCT_NAME = "$(TARGET_NAME)";
				SWIFT_SWIFT3_OBJC_INFERENCE = Default;
				SWIFT_VERSION = 4.0;
			};
			name = Debug;
		};
		D3E8FD7D1D78A414004B67CA /* Release */ = {
			isa = XCBuildConfiguration;
			baseConfigurationReference = 21013A1BB4E8847674F728CA /* Pods-ray.release.xcconfig */;
			buildSettings = {
				ASSETCATALOG_COMPILER_APPICON_NAME = AppIcon;
				INFOPLIST_FILE = ray/Info.plist;
				LD_RUNPATH_SEARCH_PATHS = "$(inherited) @executable_path/Frameworks";
				PRODUCT_BUNDLE_IDENTIFIER = Lindelycke.ray;
				PRODUCT_NAME = "$(TARGET_NAME)";
				SWIFT_SWIFT3_OBJC_INFERENCE = Default;
				SWIFT_VERSION = 4.0;
			};
			name = Release;
		};
/* End XCBuildConfiguration section */

/* Begin XCConfigurationList section */
		D3E8FD641D78A414004B67CA /* Build configuration list for PBXProject "ray" */ = {
			isa = XCConfigurationList;
			buildConfigurations = (
				D3E8FD791D78A414004B67CA /* Debug */,
				D3E8FD7A1D78A414004B67CA /* Release */,
			);
			defaultConfigurationIsVisible = 0;
			defaultConfigurationName = Release;
		};
		D3E8FD7B1D78A414004B67CA /* Build configuration list for PBXNativeTarget "ray" */ = {
			isa = XCConfigurationList;
			buildConfigurations = (
				D3E8FD7C1D78A414004B67CA /* Debug */,
				D3E8FD7D1D78A414004B67CA /* Release */,
			);
			defaultConfigurationIsVisible = 0;
			defaultConfigurationName = Release;
		};
/* End XCConfigurationList section */
	};
	rootObject = D3E8FD611D78A414004B67CA /* Project object */;
}
